{
  "version": 4,
  "terraform_version": "1.8.3",
  "serial": 8,
  "lineage": "69a3a15a-eac7-ba50-515a-3ee7d1cdf199",
  "outputs": {
    "cluster_name": {
      "value": "dennis-cluster",
      "type": "string"
    },
    "endpoint": {
      "value": "34.27.94.149",
      "type": "string"
    },
    "load_balancer_ip": {
      "value": "34.27.94.149",
      "type": "string"
    },
    "master_auth": {
      "value": [
        {
          "client_certificate": "",
          "client_certificate_config": [
            {
              "issue_client_certificate": false
            }
          ],
          "client_key": "",
          "cluster_ca_certificate": "LS0tLS1CRUdJTiBDRVJUSUZJQ0FURS0tLS0tCk1JSUVMVENDQXBXZ0F3SUJBZ0lSQU13WkwwVW5EdC9UeWJNMm16b3ZWS293RFFZSktvWklodmNOQVFFTEJRQXcKTHpFdE1Dc0dBMVVFQXhNa1pqQmlZVEJsT1RFdE5qZzROaTAwTjJFeUxXSmhOVEV0WWpRd01qVmtNRFEwTkRZdwpNQ0FYRFRJME1EVXhPVEEyTVRRd05sb1lEekl3TlRRd05URXlNRGN4TkRBMldqQXZNUzB3S3dZRFZRUURFeVJtCk1HSmhNR1U1TVMwMk9EZzJMVFEzWVRJdFltRTFNUzFpTkRBeU5XUXdORFEwTmpBd2dnR2lNQTBHQ1NxR1NJYjMKRFFFQkFRVUFBNElCandBd2dnR0tBb0lCZ1FDY3RQV0Izb0xKTFlQd0cwMGtGZ0FIMEdwQ2F1SGlYN25UeTRlVgpVSVhhanJiMDlNMmxFcmFkZm9nMXNWajZIdjBKdldVM09lbzdGMHQ4ZHpKaWJPQVo3ckpJVTRjL285c0JpeGg0ClF2ZkhYN0ExNXE4cFA0MTFNSk0zc01IbVRiSDA4eFZTZUZQQTBkc2xEbzdXQktaK1ZYcUhrMHRsa1pZU0xZWXYKdG9OZFJBWldtMlVwMHRVY3h3TWJYTDdIbE1SMTdwb05mK2tqd3NrckhPRUFsaS8xc1MybWtMdENMZlFFUWhNSApJc1hRTkpOMEtSb3h1TTNpVUFNL0xvU0xKekh0YkNSamJsZTNCdFp0MlF5N1k2WHBlSGhrc1NkUjRuU3RldXozCmpHUWdOTXVLVmVSa3d5aUw0SzdJSGllLzVEV2NxalB0cTFRY3RXREJ0VE9CczFhRjdqZy9hYXBzcHlQNk1GTGUKRXhsV1ZPVDFBQk5TOTE4b0E1WkNOQTQ4NVYxeWQ0NlE1dFdsUER6WVNJL1NqUDlNbzd5Z25iY2NwYTZjTlN5YgoyZ0Y1ejBqMCtqZzU5SjhkTkFUZk02YXFSaDRobzNDTUV5bkt1Y1JoMTZvOHo4aGdXcW9uVEZjZXFuS3FhMzd1ClVyRUU4d0dGTEtHS3NLUmdwWCtIK3JwU0xxY0NBd0VBQWFOQ01FQXdEZ1lEVlIwUEFRSC9CQVFEQWdJRU1BOEcKQTFVZEV3RUIvd1FGTUFNQkFmOHdIUVlEVlIwT0JCWUVGSFRCanc1L2RhMWVXZXBmRDA0THlBdEMwejNNTUEwRwpDU3FHU0liM0RRRUJDd1VBQTRJQmdRQlN3a1Z0TVBGWFJNZCt6TlNET3dFenpKSGUxYVUwcnhPZlpQUGdjdjdYClVqVTRmYWswSDJ2cU8wL3pzSUJrTW9kcHRrWGh5L1ZxSFdqWHRtbkVZbFV2aXR1QTVlUWVKVU1BdzhZWjIrUHcKT1RzZlFCRFNzY2lGS0NubDhSYmJWUk5iN2xORVVlVEJ0dkpsRTFqVHNZUXhEbUFWelFRQXFWTFhVcTVzMW9rSApRQ3Fhcko5QTVacDNDOVIzVGhUNm1ZcG9XNCtBZjhMYVVzOUhQK0ZRdDc4TkRLWE9QRTVudERjZzZHSEJXMmVCCmpyMXRNN2ozRjB5KzFTWnJmTEM2ajkwVkpSZW1haXhpMGRsR1hYQXpNRjRxMnBKZkl3MzZodGUrdWFWTzBtWG0KZlhwV1hHa3ZkVGN3Z3F2YU10VDdRemV0Wnk3UFhTanhyNnNHbTJWUzlvcHVNc005Y1QzaG1XRlpkMGNWQ3NTSQpGbVRnMkdJNGJyQzJWT3BUNVBkcUdXRHVrQWpicHBoUzhpYVZNMTlUMjJkaGFsanpTVERoSDdQQW9uWWlpb2N2Cnpkak5QTExCZSt3a28vS25YNmpydGVuZzJQM25MSnR4ckVKVGIydDF4aU9SVDY0YlVGZU1kblpSWVI1Z3ZDK1cKMmpFbDZuVjNhNis0eng1bHpjS1RxcUE9Ci0tLS0tRU5EIENFUlRJRklDQVRFLS0tLS0K"
        }
      ],
      "type": [
        "list",
        [
          "object",
          {
            "client_certificate": "string",
            "client_certificate_config": [
              "list",
              [
                "object",
                {
                  "issue_client_certificate": "bool"
                }
              ]
            ],
            "client_key": "string",
            "cluster_ca_certificate": "string"
          }
        ]
      ],
      "sensitive": true
    }
  },
  "resources": [
    {
      "mode": "data",
      "type": "google_client_config",
      "name": "current",
      "provider": "provider[\"registry.terraform.io/hashicorp/google\"]",
      "instances": [
        {
          "schema_version": 0,
          "attributes": {
            "access_token": "ya29.a0AXooCgsJ4GKZ2SGw38aeqxJP6KX3rrl06c3NqtWfZrV_DoKPmETXi43nThDSpLivZV0_JsayQChdh3GgErOuZwKbx8GZ8R5kflB_fiD71Phf4_41MceZ-QSHf_MrfDtw3F6GiYRQ4ukyv97t_qz2qs08IjIVqvwUTXS2gRnPl1EaCgYKATQSARISFQHGX2MirGsaoXDULOwBxkWes6QflA0178",
            "id": "projects/rapid-strength-422813-t9/regions/us-central1/zones/",
            "project": "rapid-strength-422813-t9",
            "region": "us-central1",
            "zone": ""
          },
          "sensitive_attributes": [
            [
              {
                "type": "get_attr",
                "value": "access_token"
              }
            ]
          ]
        }
      ]
    },
    {
      "mode": "managed",
      "type": "google_container_cluster",
      "name": "primary",
      "provider": "provider[\"registry.terraform.io/hashicorp/google\"]",
      "instances": [
        {
          "schema_version": 1,
          "attributes": {
            "addons_config": [
              {
                "cloudrun_config": [],
                "config_connector_config": [],
                "dns_cache_config": [],
                "gce_persistent_disk_csi_driver_config": [
                  {
                    "enabled": true
                  }
                ],
                "gcp_filestore_csi_driver_config": [],
                "gke_backup_agent_config": [],
                "horizontal_pod_autoscaling": [],
                "http_load_balancing": [],
                "network_policy_config": [
                  {
                    "disabled": true
                  }
                ]
              }
            ],
            "authenticator_groups_config": [],
            "binary_authorization": [
              {
                "enabled": false,
                "evaluation_mode": ""
              }
            ],
            "cluster_autoscaling": [
              {
                "auto_provisioning_defaults": [],
                "enabled": false,
                "resource_limits": []
              }
            ],
            "cluster_ipv4_cidr": "10.100.0.0/14",
            "confidential_nodes": [],
            "cost_management_config": [],
            "database_encryption": [
              {
                "key_name": "",
                "state": "DECRYPTED"
              }
            ],
            "datapath_provider": "",
            "default_max_pods_per_node": 110,
            "default_snat_status": [
              {
                "disabled": false
              }
            ],
            "description": "",
            "dns_config": [],
            "enable_autopilot": false,
            "enable_binary_authorization": false,
            "enable_intranode_visibility": false,
            "enable_kubernetes_alpha": false,
            "enable_l4_ilb_subsetting": false,
            "enable_legacy_abac": false,
            "enable_shielded_nodes": true,
            "enable_tpu": false,
            "endpoint": "34.27.94.149",
            "gateway_api_config": [],
            "id": "projects/rapid-strength-422813-t9/locations/us-central1/clusters/dennis-cluster",
            "initial_node_count": 1,
            "ip_allocation_policy": [
              {
                "cluster_ipv4_cidr_block": "10.100.0.0/14",
                "cluster_secondary_range_name": "gke-dennis-cluster-pods-b5cfeacb",
                "services_ipv4_cidr_block": "10.77.160.0/20",
                "services_secondary_range_name": "gke-dennis-cluster-services-b5cfeacb"
              }
            ],
            "label_fingerprint": "a9dc16a7",
            "location": "us-central1",
            "logging_config": [
              {
                "enable_components": [
                  "SYSTEM_COMPONENTS",
                  "WORKLOADS"
                ]
              }
            ],
            "logging_service": "logging.googleapis.com/kubernetes",
            "maintenance_policy": [],
            "master_auth": [
              {
                "client_certificate": "",
                "client_certificate_config": [
                  {
                    "issue_client_certificate": false
                  }
                ],
                "client_key": "",
                "cluster_ca_certificate": "LS0tLS1CRUdJTiBDRVJUSUZJQ0FURS0tLS0tCk1JSUVMVENDQXBXZ0F3SUJBZ0lSQU13WkwwVW5EdC9UeWJNMm16b3ZWS293RFFZSktvWklodmNOQVFFTEJRQXcKTHpFdE1Dc0dBMVVFQXhNa1pqQmlZVEJsT1RFdE5qZzROaTAwTjJFeUxXSmhOVEV0WWpRd01qVmtNRFEwTkRZdwpNQ0FYRFRJME1EVXhPVEEyTVRRd05sb1lEekl3TlRRd05URXlNRGN4TkRBMldqQXZNUzB3S3dZRFZRUURFeVJtCk1HSmhNR1U1TVMwMk9EZzJMVFEzWVRJdFltRTFNUzFpTkRBeU5XUXdORFEwTmpBd2dnR2lNQTBHQ1NxR1NJYjMKRFFFQkFRVUFBNElCandBd2dnR0tBb0lCZ1FDY3RQV0Izb0xKTFlQd0cwMGtGZ0FIMEdwQ2F1SGlYN25UeTRlVgpVSVhhanJiMDlNMmxFcmFkZm9nMXNWajZIdjBKdldVM09lbzdGMHQ4ZHpKaWJPQVo3ckpJVTRjL285c0JpeGg0ClF2ZkhYN0ExNXE4cFA0MTFNSk0zc01IbVRiSDA4eFZTZUZQQTBkc2xEbzdXQktaK1ZYcUhrMHRsa1pZU0xZWXYKdG9OZFJBWldtMlVwMHRVY3h3TWJYTDdIbE1SMTdwb05mK2tqd3NrckhPRUFsaS8xc1MybWtMdENMZlFFUWhNSApJc1hRTkpOMEtSb3h1TTNpVUFNL0xvU0xKekh0YkNSamJsZTNCdFp0MlF5N1k2WHBlSGhrc1NkUjRuU3RldXozCmpHUWdOTXVLVmVSa3d5aUw0SzdJSGllLzVEV2NxalB0cTFRY3RXREJ0VE9CczFhRjdqZy9hYXBzcHlQNk1GTGUKRXhsV1ZPVDFBQk5TOTE4b0E1WkNOQTQ4NVYxeWQ0NlE1dFdsUER6WVNJL1NqUDlNbzd5Z25iY2NwYTZjTlN5YgoyZ0Y1ejBqMCtqZzU5SjhkTkFUZk02YXFSaDRobzNDTUV5bkt1Y1JoMTZvOHo4aGdXcW9uVEZjZXFuS3FhMzd1ClVyRUU4d0dGTEtHS3NLUmdwWCtIK3JwU0xxY0NBd0VBQWFOQ01FQXdEZ1lEVlIwUEFRSC9CQVFEQWdJRU1BOEcKQTFVZEV3RUIvd1FGTUFNQkFmOHdIUVlEVlIwT0JCWUVGSFRCanc1L2RhMWVXZXBmRDA0THlBdEMwejNNTUEwRwpDU3FHU0liM0RRRUJDd1VBQTRJQmdRQlN3a1Z0TVBGWFJNZCt6TlNET3dFenpKSGUxYVUwcnhPZlpQUGdjdjdYClVqVTRmYWswSDJ2cU8wL3pzSUJrTW9kcHRrWGh5L1ZxSFdqWHRtbkVZbFV2aXR1QTVlUWVKVU1BdzhZWjIrUHcKT1RzZlFCRFNzY2lGS0NubDhSYmJWUk5iN2xORVVlVEJ0dkpsRTFqVHNZUXhEbUFWelFRQXFWTFhVcTVzMW9rSApRQ3Fhcko5QTVacDNDOVIzVGhUNm1ZcG9XNCtBZjhMYVVzOUhQK0ZRdDc4TkRLWE9QRTVudERjZzZHSEJXMmVCCmpyMXRNN2ozRjB5KzFTWnJmTEM2ajkwVkpSZW1haXhpMGRsR1hYQXpNRjRxMnBKZkl3MzZodGUrdWFWTzBtWG0KZlhwV1hHa3ZkVGN3Z3F2YU10VDdRemV0Wnk3UFhTanhyNnNHbTJWUzlvcHVNc005Y1QzaG1XRlpkMGNWQ3NTSQpGbVRnMkdJNGJyQzJWT3BUNVBkcUdXRHVrQWpicHBoUzhpYVZNMTlUMjJkaGFsanpTVERoSDdQQW9uWWlpb2N2Cnpkak5QTExCZSt3a28vS25YNmpydGVuZzJQM25MSnR4ckVKVGIydDF4aU9SVDY0YlVGZU1kblpSWVI1Z3ZDK1cKMmpFbDZuVjNhNis0eng1bHpjS1RxcUE9Ci0tLS0tRU5EIENFUlRJRklDQVRFLS0tLS0K"
              }
            ],
            "master_authorized_networks_config": [],
            "master_version": "1.28.7-gke.1026000",
            "mesh_certificates": [],
            "min_master_version": null,
            "monitoring_config": [
              {
                "enable_components": [
                  "SYSTEM_COMPONENTS"
                ],
                "managed_prometheus": [
                  {
                    "enabled": true
                  }
                ]
              }
            ],
            "monitoring_service": "monitoring.googleapis.com/kubernetes",
            "name": "dennis-cluster",
            "network": "projects/rapid-strength-422813-t9/global/networks/default",
            "network_policy": [
              {
                "enabled": false,
                "provider": "PROVIDER_UNSPECIFIED"
              }
            ],
            "networking_mode": "VPC_NATIVE",
            "node_config": [],
            "node_locations": [
              "us-central1-a",
              "us-central1-c",
              "us-central1-f"
            ],
            "node_pool": [],
            "node_pool_defaults": [
              {
                "node_config_defaults": [
                  {
                    "logging_variant": "DEFAULT"
                  }
                ]
              }
            ],
            "node_version": "1.28.7-gke.1026000",
            "notification_config": [
              {
                "pubsub": [
                  {
                    "enabled": false,
                    "filter": [],
                    "topic": ""
                  }
                ]
              }
            ],
            "operation": null,
            "private_cluster_config": [
              {
                "enable_private_endpoint": false,
                "enable_private_nodes": false,
                "master_global_access_config": [
                  {
                    "enabled": false
                  }
                ],
                "master_ipv4_cidr_block": "",
                "peering_name": "",
                "private_endpoint": "10.128.0.35",
                "private_endpoint_subnetwork": "",
                "public_endpoint": "34.27.94.149"
              }
            ],
            "private_ipv6_google_access": "",
            "project": "rapid-strength-422813-t9",
            "release_channel": [
              {
                "channel": "REGULAR"
              }
            ],
            "remove_default_node_pool": true,
            "resource_labels": null,
            "resource_usage_export_config": [],
            "self_link": "https://container.googleapis.com/v1/projects/rapid-strength-422813-t9/locations/us-central1/clusters/dennis-cluster",
            "service_external_ips_config": [
              {
                "enabled": false
              }
            ],
            "services_ipv4_cidr": "10.77.160.0/20",
            "subnetwork": "projects/rapid-strength-422813-t9/regions/us-central1/subnetworks/default",
            "timeouts": null,
            "tpu_ipv4_cidr_block": "",
            "vertical_pod_autoscaling": [],
            "workload_identity_config": []
          },
          "sensitive_attributes": [
            [
              {
                "type": "get_attr",
                "value": "master_auth"
              },
              {
                "type": "index",
                "value": {
                  "value": 0,
                  "type": "number"
                }
              },
              {
                "type": "get_attr",
                "value": "client_key"
              }
            ]
          ],
          "private": "eyJlMmJmYjczMC1lY2FhLTExZTYtOGY4OC0zNDM2M2JjN2M0YzAiOnsiY3JlYXRlIjoyNDAwMDAwMDAwMDAwLCJkZWxldGUiOjI0MDAwMDAwMDAwMDAsInJlYWQiOjI0MDAwMDAwMDAwMDAsInVwZGF0ZSI6MzYwMDAwMDAwMDAwMH0sInNjaGVtYV92ZXJzaW9uIjoiMSJ9"
        }
      ]
    },
    {
      "mode": "managed",
      "type": "google_container_node_pool",
      "name": "primary_nodes",
      "provider": "provider[\"registry.terraform.io/hashicorp/google\"]",
      "instances": [
        {
          "schema_version": 1,
          "attributes": {
            "autoscaling": [],
            "cluster": "dennis-cluster",
            "id": "projects/rapid-strength-422813-t9/locations/us-central1/clusters/dennis-cluster/nodePools/primary-node-pool",
            "initial_node_count": 3,
            "instance_group_urls": [
              "https://www.googleapis.com/compute/v1/projects/rapid-strength-422813-t9/zones/us-central1-a/instanceGroupManagers/gke-dennis-cluster-primary-node-pool-9675b55c-grp"
            ],
            "location": "us-central1",
            "managed_instance_group_urls": [
              "https://www.googleapis.com/compute/v1/projects/rapid-strength-422813-t9/zones/us-central1-a/instanceGroups/gke-dennis-cluster-primary-node-pool-9675b55c-grp"
            ],
            "management": [
              {
                "auto_repair": true,
                "auto_upgrade": true
              }
            ],
            "max_pods_per_node": 110,
            "name": "primary-node-pool",
            "name_prefix": "",
            "network_config": [
              {
                "create_pod_range": false,
                "enable_private_nodes": false,
                "pod_ipv4_cidr_block": "10.100.0.0/14",
                "pod_range": "gke-dennis-cluster-pods-b5cfeacb"
              }
            ],
            "node_config": [
              {
                "boot_disk_kms_key": "",
                "disk_size_gb": 10,
                "disk_type": "pd-balanced",
                "gcfs_config": [],
                "guest_accelerator": [],
                "gvnic": [],
                "image_type": "COS_CONTAINERD",
                "kubelet_config": [],
                "labels": {},
                "linux_node_config": [],
                "local_ssd_count": 0,
                "logging_variant": "DEFAULT",
                "machine_type": "e2-micro",
                "metadata": {
                  "disable-legacy-endpoints": "true"
                },
                "min_cpu_platform": "",
                "node_group": "",
                "oauth_scopes": [
                  "https://www.googleapis.com/auth/cloud-platform"
                ],
                "preemptible": true,
                "reservation_affinity": [],
                "resource_labels": null,
                "service_account": "default",
                "shielded_instance_config": [
                  {
                    "enable_integrity_monitoring": true,
                    "enable_secure_boot": false
                  }
                ],
                "spot": false,
                "tags": null,
                "taint": [],
                "workload_metadata_config": []
              }
            ],
            "node_count": 3,
            "node_locations": [
              "us-central1-a"
            ],
            "operation": null,
            "placement_policy": [],
            "project": "rapid-strength-422813-t9",
            "timeouts": null,
            "upgrade_settings": [
              {
                "blue_green_settings": [],
                "max_surge": 1,
                "max_unavailable": 0,
                "strategy": "SURGE"
              }
            ],
            "version": "1.28.7-gke.1026000"
          },
          "sensitive_attributes": [],
          "private": "eyJlMmJmYjczMC1lY2FhLTExZTYtOGY4OC0zNDM2M2JjN2M0YzAiOnsiY3JlYXRlIjoxODAwMDAwMDAwMDAwLCJkZWxldGUiOjE4MDAwMDAwMDAwMDAsInVwZGF0ZSI6MTgwMDAwMDAwMDAwMH0sInNjaGVtYV92ZXJzaW9uIjoiMSJ9",
          "dependencies": [
            "google_container_cluster.primary"
          ]
        }
      ]
    },
    {
      "mode": "managed",
      "type": "helm_release",
      "name": "argocd",
      "provider": "provider[\"registry.terraform.io/hashicorp/helm\"]",
      "instances": [
        {
          "schema_version": 1,
          "attributes": {
            "atomic": false,
            "chart": "argo-cd",
            "cleanup_on_fail": false,
            "create_namespace": false,
            "dependency_update": false,
            "description": null,
            "devel": null,
            "disable_crd_hooks": false,
            "disable_openapi_validation": false,
            "disable_webhooks": false,
            "force_update": false,
            "id": "argocd",
            "keyring": null,
            "lint": false,
            "manifest": null,
            "max_history": 0,
            "metadata": [
              {
                "app_version": "v2.8.5",
                "chart": "argo-cd",
                "name": "argocd",
                "namespace": "argocd",
                "revision": 1,
                "values": "{}",
                "version": "5.48.0"
              }
            ],
            "name": "argocd",
            "namespace": "argocd",
            "pass_credentials": false,
            "postrender": [],
            "recreate_pods": false,
            "render_subchart_notes": true,
            "replace": false,
            "repository": "https://argoproj.github.io/argo-helm",
            "repository_ca_file": null,
            "repository_cert_file": null,
            "repository_key_file": null,
            "repository_password": null,
            "repository_username": null,
            "reset_values": false,
            "reuse_values": false,
            "set": [],
            "set_list": [],
            "set_sensitive": [],
            "skip_crds": false,
            "status": "deployed",
            "timeout": 300,
            "values": null,
            "verify": false,
            "version": "5.48.0",
            "wait": true,
            "wait_for_jobs": false
          },
          "sensitive_attributes": [
            [
              {
                "type": "get_attr",
                "value": "repository_password"
              }
            ]
          ],
          "private": "eyJzY2hlbWFfdmVyc2lvbiI6IjEifQ==",
          "dependencies": [
            "data.google_client_config.current",
            "google_container_cluster.primary",
            "google_container_node_pool.primary_nodes",
            "kubernetes_namespace.argocd"
          ]
        }
      ]
    },
    {
      "mode": "managed",
      "type": "kubernetes_namespace",
      "name": "argo_rollouts",
      "provider": "provider[\"registry.terraform.io/hashicorp/kubernetes\"]",
      "instances": [
        {
          "schema_version": 0,
          "attributes": {
            "id": "argo-rollouts",
            "metadata": [
              {
                "annotations": null,
                "generate_name": "",
                "generation": 0,
                "labels": null,
                "name": "argo-rollouts",
                "resource_version": "4665",
                "uid": "797cbe4d-8648-4de9-bcb4-ee4abe32cd8c"
              }
            ],
            "timeouts": null,
            "wait_for_default_service_account": false
          },
          "sensitive_attributes": [],
          "private": "eyJlMmJmYjczMC1lY2FhLTExZTYtOGY4OC0zNDM2M2JjN2M0YzAiOnsiZGVsZXRlIjozMDAwMDAwMDAwMDB9fQ==",
          "dependencies": [
            "data.google_client_config.current",
            "google_container_cluster.primary"
          ]
        }
      ]
    },
    {
      "mode": "managed",
      "type": "kubernetes_namespace",
      "name": "argocd",
      "provider": "provider[\"registry.terraform.io/hashicorp/kubernetes\"]",
      "instances": [
        {
          "schema_version": 0,
          "attributes": {
            "id": "argocd",
            "metadata": [
              {
                "annotations": null,
                "generate_name": "",
                "generation": 0,
                "labels": null,
                "name": "argocd",
                "resource_version": "4666",
                "uid": "77a5a570-3a96-4d40-b935-33e0663e1093"
              }
            ],
            "timeouts": null,
            "wait_for_default_service_account": false
          },
          "sensitive_attributes": [],
          "private": "eyJlMmJmYjczMC1lY2FhLTExZTYtOGY4OC0zNDM2M2JjN2M0YzAiOnsiZGVsZXRlIjozMDAwMDAwMDAwMDB9fQ==",
          "dependencies": [
            "data.google_client_config.current",
            "google_container_cluster.primary"
          ]
        }
      ]
    }
  ],
  "check_results": null
}
